// !$*UTF8*$!
{
	archiveVersion = 1;
	classes = {
	};
	objectVersion = 46;
	objects = {

/* Begin PBXBuildFile section */
		11663AFD1F7DCCA800D3DB0F /* AppDelegate.swift in Sources */ = {isa = PBXBuildFile; fileRef = 11663AFC1F7DCCA800D3DB0F /* AppDelegate.swift */; };
		11663AFF1F7DCCA800D3DB0F /* ViewController.swift in Sources */ = {isa = PBXBuildFile; fileRef = 11663AFE1F7DCCA800D3DB0F /* ViewController.swift */; };
		11663B021F7DCCA800D3DB0F /* Main.storyboard in Resources */ = {isa = PBXBuildFile; fileRef = 11663B001F7DCCA800D3DB0F /* Main.storyboard */; };
		11663B041F7DCCA800D3DB0F /* Assets.xcassets in Resources */ = {isa = PBXBuildFile; fileRef = 11663B031F7DCCA800D3DB0F /* Assets.xcassets */; };
		11663B071F7DCCA800D3DB0F /* LaunchScreen.storyboard in Resources */ = {isa = PBXBuildFile; fileRef = 11663B051F7DCCA800D3DB0F /* LaunchScreen.storyboard */; };
/* End PBXBuildFile section */

/* Begin PBXFileReference section */
		11663AF91F7DCCA800D3DB0F /* CIS55Lab1_MohammadAmiraslani.app */ = {isa = PBXFileReference; explicitFileType = wrapper.application; includeInIndex = 0; path = CIS55Lab1_MohammadAmiraslani.app; sourceTree = BUILT_PRODUCTS_DIR; };
		11663AFC1F7DCCA800D3DB0F /* AppDelegate.swift */ = {isa = PBXFileReference; lastKnownFileType = sourcecode.swift; path = AppDelegate.swift; sourceTree = "<group>"; };
		11663AFE1F7DCCA800D3DB0F /* ViewController.swift */ = {isa = PBXFileReference; lastKnownFileType = sourcecode.swift; path = ViewController.swift; sourceTree = "<group>"; };
		11663B011F7DCCA800D3DB0F /* Base */ = {isa = PBXFileReference; lastKnownFileType = file.storyboard; name = Base; path = Base.lproj/Main.storyboard; sourceTree = "<group>"; };
		11663B031F7DCCA800D3DB0F /* Assets.xcassets */ = {isa = PBXFileReference; lastKnownFileType = folder.assetcatalog; path = Assets.xcassets; sourceTree = "<group>"; };
		11663B061F7DCCA800D3DB0F /* Base */ = {isa = PBXFileReference; lastKnownFileType = file.storyboard; name = Base; path = Base.lproj/LaunchScreen.storyboard; sourceTree = "<group>"; };
		11663B081F7DCCA800D3DB0F /* Info.plist */ = {isa = PBXFileReference; lastKnownFileType = text.plist.xml; path = Info.plist; sourceTree = "<group>"; };
/* End PBXFileReference section */

/* Begin PBXFrameworksBuildPhase section */
		11663AF61F7DCCA800D3DB0F /* Frameworks */ = {
			isa = PBXFrameworksBuildPhase;
			buildActionMask = 2147483647;
			files = (
			);
			runOnlyForDeploymentPostprocessing = 0;
		};
/* End PBXFrameworksBuildPhase section */

/* Begin PBXGroup section */
		11663AF01F7DCCA800D3DB0F = {
			isa = PBXGroup;
			children = (
				11663AFB1F7DCCA800D3DB0F /* CIS55Lab1_MohammadAmiraslani */,
				11663AFA1F7DCCA800D3DB0F /* Products */,
			);
			sourceTree = "<group>";
		};
		11663AFA1F7DCCA800D3DB0F /* Products */ = {
			isa = PBXGroup;
			children = (
				11663AF91F7DCCA800D3DB0F /* CIS55Lab1_MohammadAmiraslani.app */,
			);
			name = Products;
			sourceTree = "<group>";
		};
		11663AFB1F7DCCA800D3DB0F /* CIS55Lab1_MohammadAmiraslani */ = {
			isa = PBXGroup;
			children = (
				11663AFC1F7DCCA800D3DB0F /* AppDelegate.swift */,
				11663AFE1F7DCCA800D3DB0F /* ViewController.swift */,
				11663B001F7DCCA800D3DB0F /* Main.storyboard */,
				11663B031F7DCCA800D3DB0F /* Assets.xcassets */,
				11663B051F7DCCA800D3DB0F /* LaunchScreen.storyboard */,
				11663B081F7DCCA800D3DB0F /* Info.plist */,
			);
			path = CIS55Lab1_MohammadAmiraslani;
			sourceTree = "<group>";
		};
/* End PBXGroup section */

/* Begin PBXNativeTarget section */
		11663AF81F7DCCA800D3DB0F /* CIS55Lab1_MohammadAmiraslani */ = {
			isa = PBXNativeTarget;
			buildConfigurationList = 11663B0B1F7DCCA800D3DB0F /* Build configuration list for PBXNativeTarget "CIS55Lab1_MohammadAmiraslani" */;
			buildPhases = (
				11663AF51F7DCCA800D3DB0F /* Sources */,
				11663AF61F7DCCA800D3DB0F /* Frameworks */,
				11663AF71F7DCCA800D3DB0F /* Resources */,
			);
			buildRules = (
			);
			dependencies = (
			);
			name = CIS55Lab1_MohammadAmiraslani;
			productName = CIS55Lab1_MohammadAmiraslani;
			productReference = 11663AF91F7DCCA800D3DB0F /* CIS55Lab1_MohammadAmiraslani.app */;
			productType = "com.apple.product-type.application";
		};
/* End PBXNativeTarget section */

/* Begin PBXProject section */
		11663AF11F7DCCA800D3DB0F /* Project object */ = {
			isa = PBXProject;
			attributes = {
				LastSwiftUpdateCheck = 0830;
				LastUpgradeCheck = 0830;
				ORGANIZATIONNAME = "Mohammad and Avi team CIS55";
				TargetAttributes = {
					11663AF81F7DCCA800D3DB0F = {
						CreatedOnToolsVersion = 8.3.3;
						ProvisioningStyle = Automatic;
					};
				};
			};
			buildConfigurationList = 11663AF41F7DCCA800D3DB0F /* Build configuration list for PBXProject "CIS55Lab1_MohammadAmiraslani" */;
			compatibilityVersion = "Xcode 3.2";
			developmentRegion = English;
			hasScannedForEncodings = 0;
			knownRegions = (
				en,
				Base,
			);
			mainGroup = 11663AF01F7DCCA800D3DB0F;
			productRefGroup = 11663AFA1F7DCCA800D3DB0F /* Products */;
			projectDirPath = "";
			projectRoot = "";
			targets = (
				11663AF81F7DCCA800D3DB0F /* CIS55Lab1_MohammadAmiraslani */,
			);
		};
/* End PBXProject section */

/* Begin PBXResourcesBuildPhase section */
		11663AF71F7DCCA800D3DB0F /* Resources */ = {
			isa = PBXResourcesBuildPhase;
			buildActionMask = 2147483647;
			files = (
				11663B071F7DCCA800D3DB0F /* LaunchScreen.storyboard in Resources */,
				11663B041F7DCCA800D3DB0F /* Assets.xcassets in Resources */,
				11663B021F7DCCA800D3DB0F /* Main.storyboard in Resources */,
			);
			runOnlyForDeploymentPostprocessing = 0;
		};
/* End PBXResourcesBuildPhase section */

/* Begin PBXSourcesBuildPhase section */
		11663AF51F7DCCA800D3DB0F /* Sources */ = {
			isa = PBXSourcesBuildPhase;
			buildActionMask = 2147483647;
			files = (
				11663AFF1F7DCCA800D3DB0F /* ViewController.swift in Sources */,
				11663AFD1F7DCCA800D3DB0F /* AppDelegate.swift in Sources */,
			);
			runOnlyForDeploymentPostprocessing = 0;
		};
/* End PBXSourcesBuildPhase section */

/* Begin PBXVariantGroup section */
		11663B001F7DCCA800D3DB0F /* Main.storyboard */ = {
			isa = PBXVariantGroup;
			children = (
				11663B011F7DCCA800D3DB0F /* Base */,
			);
			name = Main.storyboard;
			sourceTree = "<group>";
		};
		11663B051F7DCCA800D3DB0F /* LaunchScreen.storyboard */ = {
			isa = PBXVariantGroup;
			children = (
				11663B061F7DCCA800D3DB0F /* Base */,
			);
			name = LaunchScreen.storyboard;
			sourceTree = "<group>";
		};
/* End PBXVariantGroup section */

/* Begin XCBuildConfiguration section */
		11663B091F7DCCA800D3DB0F /* Debug */ = {
			isa = XCBuildConfiguration;
			buildSettings = {
				ALWAYS_SEARCH_USER_PATHS = NO;
				CLANG_ANALYZER_NONNULL = YES;
				CLANG_ANALYZER_NUMBER_OBJECT_CONVERSION = YES_AGGRESSIVE;
				CLANG_CXX_LANGUAGE_STANDARD = "gnu++0x";
				CLANG_CXX_LIBRARY = "libc++";
				CLANG_ENABLE_MODULES = YES;
				CLANG_ENABLE_OBJC_ARC = YES;
				CLANG_WARN_BOOL_CONVERSION = YES;
				CLANG_WARN_CONSTANT_CONVERSION = YES;
				CLANG_WARN_DIRECT_OBJC_ISA_USAGE = YES_ERROR;
				CLANG_WARN_DOCUMENTATION_COMMENTS = YES;
				CLANG_WARN_EMPTY_BODY = YES;
				CLANG_WARN_ENUM_CONVERSION = YES;
				CLANG_WARN_INFINITE_RECURSION = YES;
				CLANG_WARN_INT_CONVERSION = YES;
				CLANG_WARN_OBJC_ROOT_CLASS = YES_ERROR;
				CLANG_WARN_SUSPICIOUS_MOVE = YES;
				CLANG_WARN_UNREACHABLE_CODE = YES;
				CLANG_WARN__DUPLICATE_METHOD_MATCH = YES;
				"CODE_SIGN_IDENTITY[sdk=iphoneos*]" = "iPhone Developer";
				COPY_PHASE_STRIP = NO;
				DEBUG_INFORMATION_FORMAT = dwarf;
				ENABLE_STRICT_OBJC_MSGSEND = YES;
				ENABLE_TESTABILITY = YES;
				GCC_C_LANGUAGE_STANDARD = gnu99;
				GCC_DYNAMIC_NO_PIC = NO;
				GCC_NO_COMMON_BLOCKS = YES;
				GCC_OPTIMIZATION_LEVEL = 0;
				GCC_PREPROCESSOR_DEFINITIONS = (
					"DEBUG=1",
					"$(inherited)",
				);
				GCC_WARN_64_TO_32_BIT_CONVERSION = YES;
				GCC_WARN_ABOUT_RETURN_TYPE = YES_ERROR;
				GCC_WARN_UNDECLARED_SELECTOR = YES;
				GCC_WARN_UNINITIALIZED_AUTOS = YES_AGGRESSIVE;
				GCC_WARN_UNUSED_FUNCTION = YES;
				GCC_WARN_UNUSED_VARIABLE = YES;
				IPHONEOS_DEPLOYMENT_TARGET = 10.3;
				MTL_ENABLE_DEBUG_INFO = YES;
				ONLY_ACTIVE_ARCH = YES;
				SDKROOT = iphoneos;
				SWIFT_ACTIVE_COMPILATION_CONDITIONS = DEBUG;
				SWIFT_OPTIMIZATION_LEVEL = "-Onone";
			};
			name = Debug;
		};
		11663B0A1F7DCCA800D3DB0F /* Release */ = {
			isa = XCBuildConfiguration;
			buildSettings = {
				ALWAYS_SEARCH_USER_PATHS = NO;
				CLANG_ANALYZER_NONNULL = YES;
				CLANG_ANALYZER_NUMBER_OBJECT_CONVERSION = YES_AGGRESSIVE;
				CLANG_CXX_LANGUAGE_STANDARD = "gnu++0x";
				CLANG_CXX_LIBRARY = "libc++";
				CLANG_ENABLE_MODULES = YES;
				CLANG_ENABLE_OBJC_ARC = YES;
				CLANG_WARN_BOOL_CONVERSION = YES;
				CLANG_WARN_CONSTANT_CONVERSION = YES;
				CLANG_WARN_DIRECT_OBJC_ISA_USAGE = YES_ERROR;
				CLANG_WARN_DOCUMENTATION_COMMENTS = YES;
				CLANG_WARN_EMPTY_BODY = YES;
				CLANG_WARN_ENUM_CONVERSION = YES;
				CLANG_WARN_INFINITE_RECURSION = YES;
				CLANG_WARN_INT_CONVERSION = YES;
				CLANG_WARN_OBJC_ROOT_CLASS = YES_ERROR;
				CLANG_WARN_SUSPICIOUS_MOVE = YES;
				CLANG_WARN_UNREACHABLE_CODE = YES;
				CLANG_WARN__DUPLICATE_METHOD_MATCH = YES;
				"CODE_SIGN_IDENTITY[sdk=iphoneos*]" = "iPhone Developer";
				COPY_PHASE_STRIP = NO;
				DEBUG_INFORMATION_FORMAT = "dwarf-with-dsym";
				ENABLE_NS_ASSERTIONS = NO;
				ENABLE_STRICT_OBJC_MSGSEND = YES;
				GCC_C_LANGUAGE_STANDARD = gnu99;
				GCC_NO_COMMON_BLOCKS = YES;
				GCC_WARN_64_TO_32_BIT_CONVERSION = YES;
				GCC_WARN_ABOUT_RETURN_TYPE = YES_ERROR;
				GCC_WARN_UNDECLARED_SELECTOR = YES;
				GCC_WARN_UNINITIALIZED_AUTOS = YES_AGGRESSIVE;
				GCC_WARN_UNUSED_FUNCTION = YES;
				GCC_WARN_UNUSED_VARIABLE = YES;
				IPHONEOS_DEPLOYMENT_TARGET = 10.3;
				MTL_ENABLE_DEBUG_INFO = NO;
				SDKROOT = iphoneos;
				SWIFT_OPTIMIZATION_LEVEL = "-Owholemodule";
				VALIDATE_PRODUCT = YES;
			};
			name = Release;
		};
		11663B0C1F7DCCA800D3DB0F /* Debug */ = {
			isa = XCBuildConfiguration;
			buildSettings = {
				ASSETCATALOG_COMPILER_APPICON_NAME = AppIcon;
				INFOPLIST_FILE = CIS55Lab1_MohammadAmiraslani/Info.plist;
				LD_RUNPATH_SEARCH_PATHS = "$(inherited) @executable_path/Frameworks";
				PRODUCT_BUNDLE_IDENTIFIER = "edu.deanza.mohammad.avi.team.CIS55Lab1-MohammadAmiraslani";
				PRODUCT_NAME = "$(TARGET_NAME)";
				SWIFT_VERSION = 3.0;
			};
			name = Debug;
		};
		11663B0D1F7DCCA800D3DB0F /* Release */ = {
			isa = XCBuildConfiguration;
			buildSettings = {
				ASSETCATALOG_COMPILER_APPICON_NAME = AppIcon;
				INFOPLIST_FILE = CIS55Lab1_MohammadAmiraslani/Info.plist;
				LD_RUNPATH_SEARCH_PATHS = "$(inherited) @executable_path/Frameworks";
				PRODUCT_BUNDLE_IDENTIFIER = "edu.deanza.mohammad.avi.team.CIS55Lab1-MohammadAmiraslani";
				PRODUCT_NAME = "$(TARGET_NAME)";
				SWIFT_VERSION = 3.0;
			};
			name = Release;
		};
/* End XCBuildConfiguration section */

/* Begin XCConfigurationList section */
		11663AF41F7DCCA800D3DB0F /* Build configuration list for PBXProject "CIS55Lab1_MohammadAmiraslani" */ = {
			isa = XCConfigurationList;
			buildConfigurations = (
				11663B091F7DCCA800D3DB0F /* Debug */,
				11663B0A1F7DCCA800D3DB0F /* Release */,
			);
			defaultConfigurationIsVisible = 0;
			defaultConfigurationName = Release;
		};
		11663B0B1F7DCCA800D3DB0F /* Build configuration list for PBXNativeTarget "CIS55Lab1_MohammadAmiraslani" */ = {
			isa = XCConfigurationList;
			buildConfigurations = (
				11663B0C1F7DCCA800D3DB0F /* Debug */,
				11663B0D1F7DCCA800D3DB0F /* Release */,
			);
			defaultConfigurationIsVisible = 0;
		};
/* End XCConfigurationList section */
	};
	rootObject = 11663AF11F7DCCA800D3DB0F /* Project object */;
}
